
Microsoft Visual Studio Solution File, Format Version 12.00
# Visual Studio Version 17
VisualStudioVersion = 17.4.33110.190
MinimumVisualStudioVersion = 10.0.40219.1
Project("{FAE04EC0-301F-11D3-BF4B-00C04F79EFBC}") = "ИБ-6 Шифратор", "ИБ-6 Шифратор\ИБ-6 Шифратор.csproj", "{B279A432-2BC4-4518-A2EC-59B19E11EAFD}"
EndProject
Global
	GlobalSection(SolutionConfigurationPlatforms) = preSolution
		Debug|Any CPU = Debug|Any CPU
		Release|Any CPU = Release|Any CPU
	EndGlobalSection
	GlobalSection(ProjectConfigurationPlatforms) = postSolution
		{B279A432-2BC4-4518-A2EC-59B19E11EAFD}.Debug|Any CPU.ActiveCfg = Debug|Any CPU
		{B279A432-2BC4-4518-A2EC-59B19E11EAFD}.Debug|Any CPU.Build.0 = Debug|Any CPU
		{B279A432-2BC4-4518-A2EC-59B19E11EAFD}.Release|Any CPU.ActiveCfg = Release|Any CPU
		{B279A432-2BC4-4518-A2EC-59B19E11EAFD}.Release|Any CPU.Build.0 = Release|Any CPU
	EndGlobalSection
	GlobalSection(SolutionProperties) = preSolution
		HideSolutionNode = FALSE
	EndGlobalSection
	GlobalSection(ExtensibilityGlobals) = postSolution
		SolutionGuid = {9129A9D2-AC4B-44E2-BF9C-C0CD76DF79D3}
	EndGlobalSection
EndGlobal
